
Microsoft Visual Studio Solution File, Format Version 12.00
# Visual Studio Version 17
VisualStudioVersion = 17.14.36908.2 d17.14
MinimumVisualStudioVersion = 10.0.40219.1
Project("{FAE04EC0-301F-11D3-BF4B-00C04F79EFBC}") = "Wavefunction Collapse", "Wavefunction Collapse.csproj", "{441A862B-4117-4587-BC98-98689C6033F9}"
EndProject
Global
	GlobalSection(SolutionConfigurationPlatforms) = preSolution
		Debug|Any CPU = Debug|Any CPU
		Release|Any CPU = Release|Any CPU
	EndGlobalSection
	GlobalSection(ProjectConfigurationPlatforms) = postSolution
		{441A862B-4117-4587-BC98-98689C6033F9}.Debug|Any CPU.ActiveCfg = Debug|Any CPU
		{441A862B-4117-4587-BC98-98689C6033F9}.Debug|Any CPU.Build.0 = Debug|Any CPU
		{441A862B-4117-4587-BC98-98689C6033F9}.Release|Any CPU.ActiveCfg = Release|Any CPU
		{441A862B-4117-4587-BC98-98689C6033F9}.Release|Any CPU.Build.0 = Release|Any CPU
	EndGlobalSection
	GlobalSection(SolutionProperties) = preSolution
		HideSolutionNode = FALSE
	EndGlobalSection
	GlobalSection(ExtensibilityGlobals) = postSolution
		SolutionGuid = {F8FAC821-F51F-4A32-86B9-BFE1782F45BC}
	EndGlobalSection
EndGlobal
